
Microsoft Visual Studio Solution File, Format Version 12.00
# Visual Studio Version 17
VisualStudioVersion = 17.10.35013.160
MinimumVisualStudioVersion = 10.0.40219.1
Project("{9092AA53-FB77-4645-B42D-1CCCA6BD08BD}") = "Falling Sand", "Falling Sand\Falling Sand.njsproj", "{BB7C45DE-C981-4824-9D18-73CAFED65E76}"
EndProject
Global
	GlobalSection(SolutionConfigurationPlatforms) = preSolution
		Debug|Any CPU = Debug|Any CPU
		Release|Any CPU = Release|Any CPU
	EndGlobalSection
	GlobalSection(ProjectConfigurationPlatforms) = postSolution
		{BB7C45DE-C981-4824-9D18-73CAFED65E76}.Debug|Any CPU.ActiveCfg = Debug|Any CPU
		{BB7C45DE-C981-4824-9D18-73CAFED65E76}.Debug|Any CPU.Build.0 = Debug|Any CPU
		{BB7C45DE-C981-4824-9D18-73CAFED65E76}.Release|Any CPU.ActiveCfg = Release|Any CPU
		{BB7C45DE-C981-4824-9D18-73CAFED65E76}.Release|Any CPU.Build.0 = Release|Any CPU
	EndGlobalSection
	GlobalSection(SolutionProperties) = preSolution
		HideSolutionNode = FALSE
	EndGlobalSection
	GlobalSection(ExtensibilityGlobals) = postSolution
		SolutionGuid = {9384595F-93FD-439D-9EEC-C7C3974A7C5B}
	EndGlobalSection
EndGlobal
